name: Bundle Lock

on:
  workflow_dispatch:

concurrency:
  group: bundle-lock
  cancel-in-progress: false

permissions: read-all

jobs:
  lock:
    name: Lock
    runs-on: ubuntu-latest
    defaults:
      run:
        shell: bash
    steps:
      - name: Checkout
        uses: actions/checkout@de0fac2e4500dabe0009e67214ff5f5447ce83dd # v6.0.2

      - uses: ruby/setup-ruby@9eb537ca036ebaed86729dcb9309076e4c5c3b74 # v1.314.0

      - name: Lock
        run: |
          set -euo pipefail

          bundle -v
          bundle lock --update
          cat ./Gemfile.lock
