name: Bundle Lock

on:
  workflow_dispatch:

concurrency:
  group: bundle-lock
  cancel-in-progress: false

permissions: read-all

jobs:
  lock:
    name: Lock
    runs-on: ubuntu-latest
    defaults:
      run:
        shell: bash
    steps:
      - name: Checkout
        uses: actions/checkout@1af3b93b6815bc44a9784bd300feb67ff0d1eeb3 # v6.0.0

      - uses: ruby/setup-ruby@8aeb6ff8030dd539317f8e1769a044873b56ea71 # v1.268.0

      - name: Lock
        run: |
          set -euo pipefail

          bundle -v
          bundle lock --update
          cat ./Gemfile.lock
