name: Bundle Lock

on:
  workflow_dispatch:

concurrency:
  group: bundle-lock
  cancel-in-progress: false

permissions: read-all

jobs:
  lock:
    name: Lock
    runs-on: ubuntu-latest
    defaults:
      run:
        shell: bash
    steps:
      - name: Checkout
        uses: actions/checkout@08c6903cd8c0fde910a37f88322edcfb5dd907a8 # v5.0.0

      - uses: ruby/setup-ruby@2a7b30092b0caf9c046252510f9273b4875f3db9 # v1.254.0

      - name: Lock
        run: |
          set -euo pipefail

          bundle -v
          bundle lock --update
          cat ./Gemfile.lock
